# This file is autogenerated, do not edit; changes may be undone by the next 'dep ensure'.


[[projects]]
  branch = "master"
  name = "github.com/golang/protobuf"
  packages = ["proto"]
  revision = "6a1fa9404c0aebf36c879bc50152edcc953910d2"

[[projects]]
  branch = "master"
  name = "github.com/jmoiron/sqlx"
  packages = [".","reflectx"]
  revision = "d9bd385d68c068f1fabb5057e3dedcbcbb039d0f"

[[projects]]
  branch = "master"
  name = "github.com/lib/pq"
  packages = [".","oid"]
  revision = "8837942c3e09574accbc5f150e2c5e057189cace"

[[projects]]
  branch = "master"
  name = "github.com/marcuswestin/go-x-sql"
  packages = ["."]
  revision = "dd382df021fc9ee4b9b5d2d5226b639430e61670"

[solve-meta]
  analyzer-name = "dep"
  analyzer-version = 1
  inputs-digest = "11b5aca0c9bfbef335d6beac2498df3f2cd2c35ae27b28882ff94b1663d82032"
  solver-name = "gps-cdcl"
  solver-version = 1
